// !$*UTF8*$!
{
	archiveVersion = 1;
	classes = {
	};
	objectVersion = 46;
	objects = {

/* Begin PBXBuildFile section */
		560915DB19ACE7D1005071DD /* TestPDF.pdf in Resources */ = {isa = PBXBuildFile; fileRef = 560915DA19ACE7D1005071DD /* TestPDF.pdf */; };
		561A7F0D19AB8D4400A7006C /* main.m in Sources */ = {isa = PBXBuildFile; fileRef = 561A7F0C19AB8D4400A7006C /* main.m */; };
		561A7F1019AB8D4400A7006C /* AppDelegate.m in Sources */ = {isa = PBXBuildFile; fileRef = 561A7F0F19AB8D4400A7006C /* AppDelegate.m */; };
		561A7F1319AB8D4400A7006C /* MainViewController.m in Sources */ = {isa = PBXBuildFile; fileRef = 561A7F1219AB8D4400A7006C /* MainViewController.m */; };
		561A7F1619AB8D4400A7006C /* Main.storyboard in Resources */ = {isa = PBXBuildFile; fileRef = 561A7F1419AB8D4400A7006C /* Main.storyboard */; };
		561A7F1819AB8D4400A7006C /* Images.xcassets in Resources */ = {isa = PBXBuildFile; fileRef = 561A7F1719AB8D4400A7006C /* Images.xcassets */; };
		561A7F2419AB8D4400A7006C /* JoshFileCabnitTests.m in Sources */ = {isa = PBXBuildFile; fileRef = 561A7F2319AB8D4400A7006C /* JoshFileCabnitTests.m */; };
		561A7F3019AB973900A7006C /* UploadViewController.m in Sources */ = {isa = PBXBuildFile; fileRef = 561A7F2F19AB973800A7006C /* UploadViewController.m */; };
		561A7F3319AB979B00A7006C /* ViewDocumentsViewController.m in Sources */ = {isa = PBXBuildFile; fileRef = 561A7F3219AB979B00A7006C /* ViewDocumentsViewController.m */; };
		561A7F3719AB982700A7006C /* CheckListViewController.m in Sources */ = {isa = PBXBuildFile; fileRef = 561A7F3619AB982700A7006C /* CheckListViewController.m */; };
		56438AF419ACFED300E8BF39 /* FolderViewController.m in Sources */ = {isa = PBXBuildFile; fileRef = 56438AF319ACFED300E8BF39 /* FolderViewController.m */; };
		56438AF819AD04FC00E8BF39 /* FileViewController.m in Sources */ = {isa = PBXBuildFile; fileRef = 56438AF719AD04FC00E8BF39 /* FileViewController.m */; };
/* End PBXBuildFile section */

/* Begin PBXContainerItemProxy section */
		561A7F1E19AB8D4400A7006C /* PBXContainerItemProxy */ = {
			isa = PBXContainerItemProxy;
			containerPortal = 561A7EFF19AB8D4400A7006C /* Project object */;
			proxyType = 1;
			remoteGlobalIDString = 561A7F0619AB8D4400A7006C;
			remoteInfo = JoshFileCabnit;
		};
/* End PBXContainerItemProxy section */

/* Begin PBXFileReference section */
		560915DA19ACE7D1005071DD /* TestPDF.pdf */ = {isa = PBXFileReference; lastKnownFileType = image.pdf; name = TestPDF.pdf; path = "../../../Library/Mobile Documents/com~apple~Preview/Documents/TestPDF.pdf"; sourceTree = "<group>"; };
		561A7F0719AB8D4400A7006C /* JoshFileCabnit.app */ = {isa = PBXFileReference; explicitFileType = wrapper.application; includeInIndex = 0; path = JoshFileCabnit.app; sourceTree = BUILT_PRODUCTS_DIR; };
		561A7F0B19AB8D4400A7006C /* Info.plist */ = {isa = PBXFileReference; lastKnownFileType = text.plist.xml; path = Info.plist; sourceTree = "<group>"; };
		561A7F0C19AB8D4400A7006C /* main.m */ = {isa = PBXFileReference; lastKnownFileType = sourcecode.c.objc; path = main.m; sourceTree = "<group>"; };
		561A7F0E19AB8D4400A7006C /* AppDelegate.h */ = {isa = PBXFileReference; lastKnownFileType = sourcecode.c.h; path = AppDelegate.h; sourceTree = "<group>"; };
		561A7F0F19AB8D4400A7006C /* AppDelegate.m */ = {isa = PBXFileReference; lastKnownFileType = sourcecode.c.objc; path = AppDelegate.m; sourceTree = "<group>"; };
		561A7F1119AB8D4400A7006C /* MainViewController.h */ = {isa = PBXFileReference; lastKnownFileType = sourcecode.c.h; name = MainViewController.h; path = ../MainViewController.h; sourceTree = "<group>"; };
		561A7F1219AB8D4400A7006C /* MainViewController.m */ = {isa = PBXFileReference; lastKnownFileType = sourcecode.c.objc; name = MainViewController.m; path = ../MainViewController.m; sourceTree = "<group>"; };
		561A7F1519AB8D4400A7006C /* Base */ = {isa = PBXFileReference; lastKnownFileType = file.storyboard; name = Base; path = Base.lproj/Main.storyboard; sourceTree = "<group>"; };
		561A7F1719AB8D4400A7006C /* Images.xcassets */ = {isa = PBXFileReference; lastKnownFileType = folder.assetcatalog; path = Images.xcassets; sourceTree = "<group>"; };
		561A7F1D19AB8D4400A7006C /* JoshFileCabnitTests.xctest */ = {isa = PBXFileReference; explicitFileType = wrapper.cfbundle; includeInIndex = 0; path = JoshFileCabnitTests.xctest; sourceTree = BUILT_PRODUCTS_DIR; };
		561A7F2219AB8D4400A7006C /* Info.plist */ = {isa = PBXFileReference; lastKnownFileType = text.plist.xml; path = Info.plist; sourceTree = "<group>"; };
		561A7F2319AB8D4400A7006C /* JoshFileCabnitTests.m */ = {isa = PBXFileReference; lastKnownFileType = sourcecode.c.objc; path = JoshFileCabnitTests.m; sourceTree = "<group>"; };
		561A7F2E19AB971C00A7006C /* UploadViewController.h */ = {isa = PBXFileReference; lastKnownFileType = sourcecode.c.h; path = UploadViewController.h; sourceTree = "<group>"; };
		561A7F2F19AB973800A7006C /* UploadViewController.m */ = {isa = PBXFileReference; fileEncoding = 4; lastKnownFileType = sourcecode.c.objc; path = UploadViewController.m; sourceTree = "<group>"; };
		561A7F3219AB979B00A7006C /* ViewDocumentsViewController.m */ = {isa = PBXFileReference; fileEncoding = 4; lastKnownFileType = sourcecode.c.objc; path = ViewDocumentsViewController.m; sourceTree = "<group>"; };
		561A7F3419AB97B000A7006C /* ViewDocumentsViewController.h */ = {isa = PBXFileReference; lastKnownFileType = sourcecode.c.h; path = ViewDocumentsViewController.h; sourceTree = "<group>"; };
		561A7F3519AB981900A7006C /* CheckListViewController.h */ = {isa = PBXFileReference; lastKnownFileType = sourcecode.c.h; path = CheckListViewController.h; sourceTree = "<group>"; };
		561A7F3619AB982700A7006C /* CheckListViewController.m */ = {isa = PBXFileReference; fileEncoding = 4; lastKnownFileType = sourcecode.c.objc; path = CheckListViewController.m; sourceTree = "<group>"; };
		56438AF319ACFED300E8BF39 /* FolderViewController.m */ = {isa = PBXFileReference; fileEncoding = 4; lastKnownFileType = sourcecode.c.objc; path = FolderViewController.m; sourceTree = "<group>"; };
		56438AF519ACFF0100E8BF39 /* FolderViewController.h */ = {isa = PBXFileReference; lastKnownFileType = sourcecode.c.h; path = FolderViewController.h; sourceTree = "<group>"; };
		56438AF619AD04EE00E8BF39 /* FileViewController.h */ = {isa = PBXFileReference; lastKnownFileType = sourcecode.c.h; path = FileViewController.h; sourceTree = "<group>"; };
		56438AF719AD04FC00E8BF39 /* FileViewController.m */ = {isa = PBXFileReference; fileEncoding = 4; lastKnownFileType = sourcecode.c.objc; path = FileViewController.m; sourceTree = "<group>"; };
/* End PBXFileReference section */

/* Begin PBXFrameworksBuildPhase section */
		561A7F0419AB8D4400A7006C /* Frameworks */ = {
			isa = PBXFrameworksBuildPhase;
			buildActionMask = 2147483647;
			files = (
			);
			runOnlyForDeploymentPostprocessing = 0;
		};
		561A7F1A19AB8D4400A7006C /* Frameworks */ = {
			isa = PBXFrameworksBuildPhase;
			buildActionMask = 2147483647;
			files = (
			);
			runOnlyForDeploymentPostprocessing = 0;
		};
/* End PBXFrameworksBuildPhase section */

/* Begin PBXGroup section */
		561A7EFE19AB8D4400A7006C = {
			isa = PBXGroup;
			children = (
				561A7F0919AB8D4400A7006C /* JoshFileCabnit */,
				561A7F2019AB8D4400A7006C /* JoshFileCabnitTests */,
				561A7F0819AB8D4400A7006C /* Products */,
			);
			sourceTree = "<group>";
		};
		561A7F0819AB8D4400A7006C /* Products */ = {
			isa = PBXGroup;
			children = (
				561A7F0719AB8D4400A7006C /* JoshFileCabnit.app */,
				561A7F1D19AB8D4400A7006C /* JoshFileCabnitTests.xctest */,
			);
			name = Products;
			sourceTree = "<group>";
		};
		561A7F0919AB8D4400A7006C /* JoshFileCabnit */ = {
			isa = PBXGroup;
			children = (
				560915DA19ACE7D1005071DD /* TestPDF.pdf */,
				561A7F0E19AB8D4400A7006C /* AppDelegate.h */,
				561A7F0F19AB8D4400A7006C /* AppDelegate.m */,
				561A7F1419AB8D4400A7006C /* Main.storyboard */,
				561A7F1719AB8D4400A7006C /* Images.xcassets */,
				561A7F2D19AB8DC700A7006C /* ViewControllers */,
				561A7F0A19AB8D4400A7006C /* Supporting Files */,
			);
			path = JoshFileCabnit;
			sourceTree = "<group>";
		};
		561A7F0A19AB8D4400A7006C /* Supporting Files */ = {
			isa = PBXGroup;
			children = (
				561A7F0B19AB8D4400A7006C /* Info.plist */,
				561A7F0C19AB8D4400A7006C /* main.m */,
			);
			name = "Supporting Files";
			sourceTree = "<group>";
		};
		561A7F2019AB8D4400A7006C /* JoshFileCabnitTests */ = {
			isa = PBXGroup;
			children = (
				561A7F2319AB8D4400A7006C /* JoshFileCabnitTests.m */,
				561A7F2119AB8D4400A7006C /* Supporting Files */,
			);
			path = JoshFileCabnitTests;
			sourceTree = "<group>";
		};
		561A7F2119AB8D4400A7006C /* Supporting Files */ = {
			isa = PBXGroup;
			children = (
				561A7F2219AB8D4400A7006C /* Info.plist */,
			);
			name = "Supporting Files";
			sourceTree = "<group>";
		};
		561A7F2D19AB8DC700A7006C /* ViewControllers */ = {
			isa = PBXGroup;
			children = (
				561A7F3519AB981900A7006C /* CheckListViewController.h */,
				561A7F3619AB982700A7006C /* CheckListViewController.m */,
				561A7F1119AB8D4400A7006C /* MainViewController.h */,
				561A7F1219AB8D4400A7006C /* MainViewController.m */,
				561A7F3419AB97B000A7006C /* ViewDocumentsViewController.h */,
				561A7F3219AB979B00A7006C /* ViewDocumentsViewController.m */,
				561A7F2E19AB971C00A7006C /* UploadViewController.h */,
				561A7F2F19AB973800A7006C /* UploadViewController.m */,
				56438AF519ACFF0100E8BF39 /* FolderViewController.h */,
				56438AF319ACFED300E8BF39 /* FolderViewController.m */,
				56438AF619AD04EE00E8BF39 /* FileViewController.h */,
				56438AF719AD04FC00E8BF39 /* FileViewController.m */,
			);
			path = ViewControllers;
			sourceTree = "<group>";
		};
/* End PBXGroup section */

/* Begin PBXNativeTarget section */
		561A7F0619AB8D4400A7006C /* JoshFileCabnit */ = {
			isa = PBXNativeTarget;
			buildConfigurationList = 561A7F2719AB8D4400A7006C /* Build configuration list for PBXNativeTarget "JoshFileCabnit" */;
			buildPhases = (
				561A7F0319AB8D4400A7006C /* Sources */,
				561A7F0419AB8D4400A7006C /* Frameworks */,
				561A7F0519AB8D4400A7006C /* Resources */,
			);
			buildRules = (
			);
			dependencies = (
			);
			name = JoshFileCabnit;
			productName = JoshFileCabnit;
			productReference = 561A7F0719AB8D4400A7006C /* JoshFileCabnit.app */;
			productType = "com.apple.product-type.application";
		};
		561A7F1C19AB8D4400A7006C /* JoshFileCabnitTests */ = {
			isa = PBXNativeTarget;
			buildConfigurationList = 561A7F2A19AB8D4400A7006C /* Build configuration list for PBXNativeTarget "JoshFileCabnitTests" */;
			buildPhases = (
				561A7F1919AB8D4400A7006C /* Sources */,
				561A7F1A19AB8D4400A7006C /* Frameworks */,
				561A7F1B19AB8D4400A7006C /* Resources */,
			);
			buildRules = (
			);
			dependencies = (
				561A7F1F19AB8D4400A7006C /* PBXTargetDependency */,
			);
			name = JoshFileCabnitTests;
			productName = JoshFileCabnitTests;
			productReference = 561A7F1D19AB8D4400A7006C /* JoshFileCabnitTests.xctest */;
			productType = "com.apple.product-type.bundle.unit-test";
		};
/* End PBXNativeTarget section */

/* Begin PBXProject section */
		561A7EFF19AB8D4400A7006C /* Project object */ = {
			isa = PBXProject;
			attributes = {
				LastUpgradeCheck = 0600;
				ORGANIZATIONNAME = Contract;
				TargetAttributes = {
					561A7F0619AB8D4400A7006C = {
						CreatedOnToolsVersion = 6.0;
					};
					561A7F1C19AB8D4400A7006C = {
						CreatedOnToolsVersion = 6.0;
						TestTargetID = 561A7F0619AB8D4400A7006C;
					};
				};
			};
			buildConfigurationList = 561A7F0219AB8D4400A7006C /* Build configuration list for PBXProject "JoshFileCabnit" */;
			compatibilityVersion = "Xcode 3.2";
			developmentRegion = English;
			hasScannedForEncodings = 0;
			knownRegions = (
				en,
				Base,
			);
			mainGroup = 561A7EFE19AB8D4400A7006C;
			productRefGroup = 561A7F0819AB8D4400A7006C /* Products */;
			projectDirPath = "";
			projectRoot = "";
			targets = (
				561A7F0619AB8D4400A7006C /* JoshFileCabnit */,
				561A7F1C19AB8D4400A7006C /* JoshFileCabnitTests */,
			);
		};
/* End PBXProject section */

/* Begin PBXResourcesBuildPhase section */
		561A7F0519AB8D4400A7006C /* Resources */ = {
			isa = PBXResourcesBuildPhase;
			buildActionMask = 2147483647;
			files = (
				561A7F1619AB8D4400A7006C /* Main.storyboard in Resources */,
				561A7F1819AB8D4400A7006C /* Images.xcassets in Resources */,
				560915DB19ACE7D1005071DD /* TestPDF.pdf in Resources */,
			);
			runOnlyForDeploymentPostprocessing = 0;
		};
		561A7F1B19AB8D4400A7006C /* Resources */ = {
			isa = PBXResourcesBuildPhase;
			buildActionMask = 2147483647;
			files = (
			);
			runOnlyForDeploymentPostprocessing = 0;
		};
/* End PBXResourcesBuildPhase section */

/* Begin PBXSourcesBuildPhase section */
		561A7F0319AB8D4400A7006C /* Sources */ = {
			isa = PBXSourcesBuildPhase;
			buildActionMask = 2147483647;
			files = (
				561A7F3319AB979B00A7006C /* ViewDocumentsViewController.m in Sources */,
				56438AF419ACFED300E8BF39 /* FolderViewController.m in Sources */,
				561A7F1319AB8D4400A7006C /* MainViewController.m in Sources */,
				561A7F3019AB973900A7006C /* UploadViewController.m in Sources */,
				561A7F1019AB8D4400A7006C /* AppDelegate.m in Sources */,
				561A7F0D19AB8D4400A7006C /* main.m in Sources */,
				56438AF819AD04FC00E8BF39 /* FileViewController.m in Sources */,
				561A7F3719AB982700A7006C /* CheckListViewController.m in Sources */,
			);
			runOnlyForDeploymentPostprocessing = 0;
		};
		561A7F1919AB8D4400A7006C /* Sources */ = {
			isa = PBXSourcesBuildPhase;
			buildActionMask = 2147483647;
			files = (
				561A7F2419AB8D4400A7006C /* JoshFileCabnitTests.m in Sources */,
			);
			runOnlyForDeploymentPostprocessing = 0;
		};
/* End PBXSourcesBuildPhase section */

/* Begin PBXTargetDependency section */
		561A7F1F19AB8D4400A7006C /* PBXTargetDependency */ = {
			isa = PBXTargetDependency;
			target = 561A7F0619AB8D4400A7006C /* JoshFileCabnit */;
			targetProxy = 561A7F1E19AB8D4400A7006C /* PBXContainerItemProxy */;
		};
/* End PBXTargetDependency section */

/* Begin PBXVariantGroup section */
		561A7F1419AB8D4400A7006C /* Main.storyboard */ = {
			isa = PBXVariantGroup;
			children = (
				561A7F1519AB8D4400A7006C /* Base */,
			);
			name = Main.storyboard;
			sourceTree = "<group>";
		};
/* End PBXVariantGroup section */

/* Begin XCBuildConfiguration section */
		561A7F2519AB8D4400A7006C /* Debug */ = {
			isa = XCBuildConfiguration;
			buildSettings = {
				ALWAYS_SEARCH_USER_PATHS = NO;
				CLANG_CXX_LANGUAGE_STANDARD = "gnu++0x";
				CLANG_CXX_LIBRARY = "libc++";
				CLANG_ENABLE_MODULES = YES;
				CLANG_ENABLE_OBJC_ARC = YES;
				CLANG_WARN_BOOL_CONVERSION = YES;
				CLANG_WARN_CONSTANT_CONVERSION = YES;
				CLANG_WARN_DIRECT_OBJC_ISA_USAGE = YES_ERROR;
				CLANG_WARN_EMPTY_BODY = YES;
				CLANG_WARN_ENUM_CONVERSION = YES;
				CLANG_WARN_INT_CONVERSION = YES;
				CLANG_WARN_OBJC_ROOT_CLASS = YES_ERROR;
				CLANG_WARN_UNREACHABLE_CODE = YES;
				CLANG_WARN__DUPLICATE_METHOD_MATCH = YES;
				"CODE_SIGN_IDENTITY[sdk=iphoneos*]" = "iPhone Developer";
				COPY_PHASE_STRIP = NO;
				ENABLE_STRICT_OBJC_MSGSEND = YES;
				GCC_C_LANGUAGE_STANDARD = gnu99;
				GCC_DYNAMIC_NO_PIC = NO;
				GCC_OPTIMIZATION_LEVEL = 0;
				GCC_PREPROCESSOR_DEFINITIONS = (
					"DEBUG=1",
					"$(inherited)",
				);
				GCC_SYMBOLS_PRIVATE_EXTERN = NO;
				GCC_WARN_64_TO_32_BIT_CONVERSION = YES;
				GCC_WARN_ABOUT_RETURN_TYPE = YES_ERROR;
				GCC_WARN_UNDECLARED_SELECTOR = YES;
				GCC_WARN_UNINITIALIZED_AUTOS = YES_AGGRESSIVE;
				GCC_WARN_UNUSED_FUNCTION = YES;
				GCC_WARN_UNUSED_VARIABLE = YES;
				IPHONEOS_DEPLOYMENT_TARGET = 8.0;
				METAL_ENABLE_DEBUG_INFO = YES;
				ONLY_ACTIVE_ARCH = YES;
				SDKROOT = iphoneos;
			};
			name = Debug;
		};
		561A7F2619AB8D4400A7006C /* Release */ = {
			isa = XCBuildConfiguration;
			buildSettings = {
				ALWAYS_SEARCH_USER_PATHS = NO;
				CLANG_CXX_LANGUAGE_STANDARD = "gnu++0x";
				CLANG_CXX_LIBRARY = "libc++";
				CLANG_ENABLE_MODULES = YES;
				CLANG_ENABLE_OBJC_ARC = YES;
				CLANG_WARN_BOOL_CONVERSION = YES;
				CLANG_WARN_CONSTANT_CONVERSION = YES;
				CLANG_WARN_DIRECT_OBJC_ISA_USAGE = YES_ERROR;
				CLANG_WARN_EMPTY_BODY = YES;
				CLANG_WARN_ENUM_CONVERSION = YES;
				CLANG_WARN_INT_CONVERSION = YES;
				CLANG_WARN_OBJC_ROOT_CLASS = YES_ERROR;
				CLANG_WARN_UNREACHABLE_CODE = YES;
				CLANG_WARN__DUPLICATE_METHOD_MATCH = YES;
				"CODE_SIGN_IDENTITY[sdk=iphoneos*]" = "iPhone Developer";
				COPY_PHASE_STRIP = YES;
				ENABLE_NS_ASSERTIONS = NO;
				ENABLE_STRICT_OBJC_MSGSEND = YES;
				GCC_C_LANGUAGE_STANDARD = gnu99;
				GCC_WARN_64_TO_32_BIT_CONVERSION = YES;
				GCC_WARN_ABOUT_RETURN_TYPE = YES_ERROR;
				GCC_WARN_UNDECLARED_SELECTOR = YES;
				GCC_WARN_UNINITIALIZED_AUTOS = YES_AGGRESSIVE;
				GCC_WARN_UNUSED_FUNCTION = YES;
				GCC_WARN_UNUSED_VARIABLE = YES;
				IPHONEOS_DEPLOYMENT_TARGET = 8.0;
				METAL_ENABLE_DEBUG_INFO = NO;
				SDKROOT = iphoneos;
				VALIDATE_PRODUCT = YES;
			};
			name = Release;
		};
		561A7F2819AB8D4400A7006C /* Debug */ = {
			isa = XCBuildConfiguration;
			buildSettings = {
				ASSETCATALOG_COMPILER_APPICON_NAME = AppIcon;
				ASSETCATALOG_COMPILER_LAUNCHIMAGE_NAME = LaunchImage;
				INFOPLIST_FILE = JoshFileCabnit/Info.plist;
				LD_RUNPATH_SEARCH_PATHS = "$(inherited) @executable_path/Frameworks";
				PRODUCT_NAME = "$(TARGET_NAME)";
			};
			name = Debug;
		};
		561A7F2919AB8D4400A7006C /* Release */ = {
			isa = XCBuildConfiguration;
			buildSettings = {
				ASSETCATALOG_COMPILER_APPICON_NAME = AppIcon;
				ASSETCATALOG_COMPILER_LAUNCHIMAGE_NAME = LaunchImage;
				INFOPLIST_FILE = JoshFileCabnit/Info.plist;
				LD_RUNPATH_SEARCH_PATHS = "$(inherited) @executable_path/Frameworks";
				PRODUCT_NAME = "$(TARGET_NAME)";
			};
			name = Release;
		};
		561A7F2B19AB8D4400A7006C /* Debug */ = {
			isa = XCBuildConfiguration;
			buildSettings = {
				BUNDLE_LOADER = "$(BUILT_PRODUCTS_DIR)/JoshFileCabnit.app/JoshFileCabnit";
				FRAMEWORK_SEARCH_PATHS = (
					"$(SDKROOT)/Developer/Library/Frameworks",
					"$(inherited)",
				);
				GCC_PREPROCESSOR_DEFINITIONS = (
					"DEBUG=1",
					"$(inherited)",
				);
				INFOPLIST_FILE = JoshFileCabnitTests/Info.plist;
				LD_RUNPATH_SEARCH_PATHS = "$(inherited) @executable_path/Frameworks @loader_path/Frameworks";
				METAL_ENABLE_DEBUG_INFO = YES;
				PRODUCT_NAME = "$(TARGET_NAME)";
				TEST_HOST = "$(BUNDLE_LOADER)";
			};
			name = Debug;
		};
		561A7F2C19AB8D4400A7006C /* Release */ = {
			isa = XCBuildConfiguration;
			buildSettings = {
				BUNDLE_LOADER = "$(BUILT_PRODUCTS_DIR)/JoshFileCabnit.app/JoshFileCabnit";
				FRAMEWORK_SEARCH_PATHS = (
					"$(SDKROOT)/Developer/Library/Frameworks",
					"$(inherited)",
				);
				INFOPLIST_FILE = JoshFileCabnitTests/Info.plist;
				LD_RUNPATH_SEARCH_PATHS = "$(inherited) @executable_path/Frameworks @loader_path/Frameworks";
				METAL_ENABLE_DEBUG_INFO = NO;
				PRODUCT_NAME = "$(TARGET_NAME)";
				TEST_HOST = "$(BUNDLE_LOADER)";
			};
			name = Release;
		};
/* End XCBuildConfiguration section */

/* Begin XCConfigurationList section */
		561A7F0219AB8D4400A7006C /* Build configuration list for PBXProject "JoshFileCabnit" */ = {
			isa = XCConfigurationList;
			buildConfigurations = (
				561A7F2519AB8D4400A7006C /* Debug */,
				561A7F2619AB8D4400A7006C /* Release */,
			);
			defaultConfigurationIsVisible = 0;
			defaultConfigurationName = Release;
		};
		561A7F2719AB8D4400A7006C /* Build configuration list for PBXNativeTarget "JoshFileCabnit" */ = {
			isa = XCConfigurationList;
			buildConfigurations = (
				561A7F2819AB8D4400A7006C /* Debug */,
				561A7F2919AB8D4400A7006C /* Release */,
			);
			defaultConfigurationIsVisible = 0;
			defaultConfigurationName = Release;
		};
		561A7F2A19AB8D4400A7006C /* Build configuration list for PBXNativeTarget "JoshFileCabnitTests" */ = {
			isa = XCConfigurationList;
			buildConfigurations = (
				561A7F2B19AB8D4400A7006C /* Debug */,
				561A7F2C19AB8D4400A7006C /* Release */,
			);
			defaultConfigurationIsVisible = 0;
			defaultConfigurationName = Release;
		};
/* End XCConfigurationList section */
	};
	rootObject = 561A7EFF19AB8D4400A7006C /* Project object */;
}
